
Microsoft Visual Studio Solution File, Format Version 12.00
# Visual Studio Version 17
VisualStudioVersion = 17.9.34728.123
MinimumVisualStudioVersion = 10.0.40219.1
Project("{FAE04EC0-301F-11D3-BF4B-00C04F79EFBC}") = "API", "API\API.csproj", "{3E43A9B7-CD5F-4BB7-8FA1-EF353E44291F}"
EndProject
Global
	GlobalSection(SolutionConfigurationPlatforms) = preSolution
		Debug|Any CPU = Debug|Any CPU
		Release|Any CPU = Release|Any CPU
	EndGlobalSection
	GlobalSection(ProjectConfigurationPlatforms) = postSolution
		{3E43A9B7-CD5F-4BB7-8FA1-EF353E44291F}.Debug|Any CPU.ActiveCfg = Debug|Any CPU
		{3E43A9B7-CD5F-4BB7-8FA1-EF353E44291F}.Debug|Any CPU.Build.0 = Debug|Any CPU
		{3E43A9B7-CD5F-4BB7-8FA1-EF353E44291F}.Release|Any CPU.ActiveCfg = Release|Any CPU
		{3E43A9B7-CD5F-4BB7-8FA1-EF353E44291F}.Release|Any CPU.Build.0 = Release|Any CPU
	EndGlobalSection
	GlobalSection(SolutionProperties) = preSolution
		HideSolutionNode = FALSE
	EndGlobalSection
	GlobalSection(ExtensibilityGlobals) = postSolution
		SolutionGuid = {57508632-299E-40D1-946C-9C97E9C28FF2}
	EndGlobalSection
EndGlobal
